
Microsoft Visual Studio Solution File, Format Version 12.00
# Visual Studio Version 17
VisualStudioVersion = 17.4.33205.214
MinimumVisualStudioVersion = 10.0.40219.1
Project("{FAE04EC0-301F-11D3-BF4B-00C04F79EFBC}") = "FLCTestPlayer", "FLCTestPlayer\FLCTestPlayer.csproj", "{A0B00675-87A1-490A-8CA7-8FBC82DD426B}"
EndProject
Project("{9A19103F-16F7-4668-BE54-9A1E7A4F7556}") = "FLCLib", "FLCLib\FLCLib.csproj", "{1F6559F2-9DF6-4825-B03E-D477516B003F}"
EndProject
Global
	GlobalSection(SolutionConfigurationPlatforms) = preSolution
		Debug|Any CPU = Debug|Any CPU
		Release|Any CPU = Release|Any CPU
	EndGlobalSection
	GlobalSection(ProjectConfigurationPlatforms) = postSolution
		{A0B00675-87A1-490A-8CA7-8FBC82DD426B}.Debug|Any CPU.ActiveCfg = Debug|Any CPU
		{A0B00675-87A1-490A-8CA7-8FBC82DD426B}.Debug|Any CPU.Build.0 = Debug|Any CPU
		{A0B00675-87A1-490A-8CA7-8FBC82DD426B}.Release|Any CPU.ActiveCfg = Release|Any CPU
		{A0B00675-87A1-490A-8CA7-8FBC82DD426B}.Release|Any CPU.Build.0 = Release|Any CPU
		{1F6559F2-9DF6-4825-B03E-D477516B003F}.Debug|Any CPU.ActiveCfg = Debug|Any CPU
		{1F6559F2-9DF6-4825-B03E-D477516B003F}.Debug|Any CPU.Build.0 = Debug|Any CPU
		{1F6559F2-9DF6-4825-B03E-D477516B003F}.Release|Any CPU.ActiveCfg = Release|Any CPU
		{1F6559F2-9DF6-4825-B03E-D477516B003F}.Release|Any CPU.Build.0 = Release|Any CPU
	EndGlobalSection
	GlobalSection(SolutionProperties) = preSolution
		HideSolutionNode = FALSE
	EndGlobalSection
	GlobalSection(ExtensibilityGlobals) = postSolution
		SolutionGuid = {95C5D9DA-6C06-4B40-AC42-C7D353C861E6}
	EndGlobalSection
	GlobalSection(MonoDevelopProperties) = preSolution
		StartupItem = FLCTestPlayer\FLCTestPlayer.csproj
	EndGlobalSection
EndGlobal
