
Microsoft Visual Studio Solution File, Format Version 11.00
# Visual Studio 2010
Project("{FAE04EC0-301F-11D3-BF4B-00C04F79EFBC}") = "FLCTestPlayer", "FLCTestPlayer.csproj", "{A0B00675-87A1-490A-8CA7-8FBC82DD426B}"
EndProject
Project("{FAE04EC0-301F-11D3-BF4B-00C04F79EFBC}") = "FLCLib.Windows", "..\FLCLib\FLCLib.Windows.csproj", "{4A306BE0-18AF-4021-B4E4-4258465F9C0D}"
EndProject
Global
	GlobalSection(SolutionConfigurationPlatforms) = preSolution
		Debug|Any CPU = Debug|Any CPU
		Release|Any CPU = Release|Any CPU
	EndGlobalSection
	GlobalSection(ProjectConfigurationPlatforms) = postSolution
		{4A306BE0-18AF-4021-B4E4-4258465F9C0D}.Debug|Any CPU.ActiveCfg = Debug|Any CPU
		{4A306BE0-18AF-4021-B4E4-4258465F9C0D}.Debug|Any CPU.Build.0 = Debug|Any CPU
		{4A306BE0-18AF-4021-B4E4-4258465F9C0D}.Release|Any CPU.ActiveCfg = Release|Any CPU
		{4A306BE0-18AF-4021-B4E4-4258465F9C0D}.Release|Any CPU.Build.0 = Release|Any CPU
		{A0B00675-87A1-490A-8CA7-8FBC82DD426B}.Debug|Any CPU.ActiveCfg = Debug|Any CPU
		{A0B00675-87A1-490A-8CA7-8FBC82DD426B}.Debug|Any CPU.Build.0 = Debug|Any CPU
		{A0B00675-87A1-490A-8CA7-8FBC82DD426B}.Release|Any CPU.ActiveCfg = Release|Any CPU
		{A0B00675-87A1-490A-8CA7-8FBC82DD426B}.Release|Any CPU.Build.0 = Release|Any CPU
	EndGlobalSection
	GlobalSection(MonoDevelopProperties) = preSolution
		StartupItem = FLCTestPlayer.csproj
	EndGlobalSection
EndGlobal
